
Microsoft Visual Studio Solution File, Format Version 12.00
# Visual Studio Version 17
VisualStudioVersion = 17.3.32901.215
MinimumVisualStudioVersion = 10.0.40219.1
Project("{FAE04EC0-301F-11D3-BF4B-00C04F79EFBC}") = "RKC", "RKC\RKC.csproj", "{7EEB84E3-727D-42E7-9A9D-E4A6B6F241BA}"
EndProject
Project("{FAE04EC0-301F-11D3-BF4B-00C04F79EFBC}") = "DB", "DB\DB.csproj", "{CBB7243A-294B-4AAC-AB39-32B3A27A7390}"
EndProject
Project("{FAE04EC0-301F-11D3-BF4B-00C04F79EFBC}") = "BL", "BL\BL.csproj", "{1D874BBC-255B-4241-B3A1-B653BF8F5FEB}"
EndProject
Project("{FAE04EC0-301F-11D3-BF4B-00C04F79EFBC}") = "BE", "BE\BE.csproj", "{0DFE155F-F779-4968-A622-52ACE6ED349F}"
EndProject
Project("{FAE04EC0-301F-11D3-BF4B-00C04F79EFBC}") = "AppCache", "AppCache\AppCache.csproj", "{6B5112CB-22E1-4E3F-9A2F-13C92900C31E}"
EndProject
Project("{2150E333-8FDC-42A3-9474-1A3956D46DE8}") = "Common", "Common", "{D4CDA000-5AE9-453C-B435-5BDDFB4ED0B5}"
EndProject
Project("{FAE04EC0-301F-11D3-BF4B-00C04F79EFBC}") = "WordGenerator", "WordGenerator\WordGenerator.csproj", "{53AED92A-CB55-492C-B155-1A8F15EEB01A}"
EndProject
Project("{FAE04EC0-301F-11D3-BF4B-00C04F79EFBC}") = "Excels", "ExcelAddIns\Excels.csproj", "{C20C939E-FF43-45FA-8A2B-98FF6E1A082A}"
EndProject
Project("{FAE04EC0-301F-11D3-BF4B-00C04F79EFBC}") = "RkcTest", "RkcTest\RkcTest.csproj", "{0C322E8D-37D2-4A1E-BA5A-1C4276FE036B}"
EndProject
Global
	GlobalSection(SolutionConfigurationPlatforms) = preSolution
		Debug|Any CPU = Debug|Any CPU
		Release|Any CPU = Release|Any CPU
	EndGlobalSection
	GlobalSection(ProjectConfigurationPlatforms) = postSolution
		{7EEB84E3-727D-42E7-9A9D-E4A6B6F241BA}.Debug|Any CPU.ActiveCfg = Debug|Any CPU
		{7EEB84E3-727D-42E7-9A9D-E4A6B6F241BA}.Debug|Any CPU.Build.0 = Debug|Any CPU
		{7EEB84E3-727D-42E7-9A9D-E4A6B6F241BA}.Release|Any CPU.ActiveCfg = Release|Any CPU
		{7EEB84E3-727D-42E7-9A9D-E4A6B6F241BA}.Release|Any CPU.Build.0 = Release|Any CPU
		{CBB7243A-294B-4AAC-AB39-32B3A27A7390}.Debug|Any CPU.ActiveCfg = Debug|Any CPU
		{CBB7243A-294B-4AAC-AB39-32B3A27A7390}.Debug|Any CPU.Build.0 = Debug|Any CPU
		{CBB7243A-294B-4AAC-AB39-32B3A27A7390}.Release|Any CPU.ActiveCfg = Release|Any CPU
		{CBB7243A-294B-4AAC-AB39-32B3A27A7390}.Release|Any CPU.Build.0 = Release|Any CPU
		{1D874BBC-255B-4241-B3A1-B653BF8F5FEB}.Debug|Any CPU.ActiveCfg = Debug|Any CPU
		{1D874BBC-255B-4241-B3A1-B653BF8F5FEB}.Debug|Any CPU.Build.0 = Debug|Any CPU
		{1D874BBC-255B-4241-B3A1-B653BF8F5FEB}.Release|Any CPU.ActiveCfg = Release|Any CPU
		{1D874BBC-255B-4241-B3A1-B653BF8F5FEB}.Release|Any CPU.Build.0 = Release|Any CPU
		{0DFE155F-F779-4968-A622-52ACE6ED349F}.Debug|Any CPU.ActiveCfg = Debug|Any CPU
		{0DFE155F-F779-4968-A622-52ACE6ED349F}.Debug|Any CPU.Build.0 = Debug|Any CPU
		{0DFE155F-F779-4968-A622-52ACE6ED349F}.Release|Any CPU.ActiveCfg = Release|Any CPU
		{0DFE155F-F779-4968-A622-52ACE6ED349F}.Release|Any CPU.Build.0 = Release|Any CPU
		{6B5112CB-22E1-4E3F-9A2F-13C92900C31E}.Debug|Any CPU.ActiveCfg = Debug|Any CPU
		{6B5112CB-22E1-4E3F-9A2F-13C92900C31E}.Debug|Any CPU.Build.0 = Debug|Any CPU
		{6B5112CB-22E1-4E3F-9A2F-13C92900C31E}.Release|Any CPU.ActiveCfg = Release|Any CPU
		{6B5112CB-22E1-4E3F-9A2F-13C92900C31E}.Release|Any CPU.Build.0 = Release|Any CPU
		{53AED92A-CB55-492C-B155-1A8F15EEB01A}.Debug|Any CPU.ActiveCfg = Debug|Any CPU
		{53AED92A-CB55-492C-B155-1A8F15EEB01A}.Debug|Any CPU.Build.0 = Debug|Any CPU
		{53AED92A-CB55-492C-B155-1A8F15EEB01A}.Release|Any CPU.ActiveCfg = Release|Any CPU
		{53AED92A-CB55-492C-B155-1A8F15EEB01A}.Release|Any CPU.Build.0 = Release|Any CPU
		{C20C939E-FF43-45FA-8A2B-98FF6E1A082A}.Debug|Any CPU.ActiveCfg = Debug|Any CPU
		{C20C939E-FF43-45FA-8A2B-98FF6E1A082A}.Debug|Any CPU.Build.0 = Debug|Any CPU
		{C20C939E-FF43-45FA-8A2B-98FF6E1A082A}.Release|Any CPU.ActiveCfg = Release|Any CPU
		{C20C939E-FF43-45FA-8A2B-98FF6E1A082A}.Release|Any CPU.Build.0 = Release|Any CPU
		{0C322E8D-37D2-4A1E-BA5A-1C4276FE036B}.Debug|Any CPU.ActiveCfg = Debug|Any CPU
		{0C322E8D-37D2-4A1E-BA5A-1C4276FE036B}.Debug|Any CPU.Build.0 = Debug|Any CPU
		{0C322E8D-37D2-4A1E-BA5A-1C4276FE036B}.Release|Any CPU.ActiveCfg = Release|Any CPU
		{0C322E8D-37D2-4A1E-BA5A-1C4276FE036B}.Release|Any CPU.Build.0 = Release|Any CPU
	EndGlobalSection
	GlobalSection(SolutionProperties) = preSolution
		HideSolutionNode = FALSE
	EndGlobalSection
	GlobalSection(NestedProjects) = preSolution
		{53AED92A-CB55-492C-B155-1A8F15EEB01A} = {D4CDA000-5AE9-453C-B435-5BDDFB4ED0B5}
		{C20C939E-FF43-45FA-8A2B-98FF6E1A082A} = {D4CDA000-5AE9-453C-B435-5BDDFB4ED0B5}
	EndGlobalSection
	GlobalSection(ExtensibilityGlobals) = postSolution
		SolutionGuid = {58A82ABA-CE7C-4C7F-894B-CC3ADC6F372F}
	EndGlobalSection
EndGlobal
